Microsoft Visual Studio Solution File, Format Version 12.00
# Visual Studio Version 17
VisualStudioVersion = 17.5.2.0
MinimumVisualStudioVersion = 10.0.40219.1
Project("{FAE04EC0-301F-11D3-BF4B-00C04F79EFBC}") = "MyBinaryModule", "MyBinaryModule\MyBinaryModule.csproj", "{FDEB2343-581C-DF0B-B8B1-F86BBE8107A4}"
EndProject
Global
	GlobalSection(SolutionConfigurationPlatforms) = preSolution
		Debug|Any CPU = Debug|Any CPU
		Release|Any CPU = Release|Any CPU
	EndGlobalSection
	GlobalSection(ProjectConfigurationPlatforms) = postSolution
		{FDEB2343-581C-DF0B-B8B1-F86BBE8107A4}.Debug|Any CPU.ActiveCfg = Debug|Any CPU
		{FDEB2343-581C-DF0B-B8B1-F86BBE8107A4}.Debug|Any CPU.Build.0 = Debug|Any CPU
		{FDEB2343-581C-DF0B-B8B1-F86BBE8107A4}.Release|Any CPU.ActiveCfg = Release|Any CPU
		{FDEB2343-581C-DF0B-B8B1-F86BBE8107A4}.Release|Any CPU.Build.0 = Release|Any CPU
	EndGlobalSection
	GlobalSection(SolutionProperties) = preSolution
		HideSolutionNode = FALSE
	EndGlobalSection
	GlobalSection(ExtensibilityGlobals) = postSolution
		SolutionGuid = {97072BDF-05BC-4C5A-9EC8-643CA0F863CE}
	EndGlobalSection
EndGlobal
